// !$*UTF8*$!
{
	archiveVersion = 1;
	classes = {
	};
	objectVersion = 55;
	objects = {

/* Begin PBXBuildFile section */
		8D84FC1A1F3D7E31428E8FE6 /* Pods_EPICTests.framework in Frameworks */ = {isa = PBXBuildFile; fileRef = D1BD3EFD695F5786C88E2E36 /* Pods_EPICTests.framework */; };
		A7029A2D285911F300939B83 /* AppDelegate.swift in Sources */ = {isa = PBXBuildFile; fileRef = A7029A2C285911F300939B83 /* AppDelegate.swift */; };
		A7029A2F285911F300939B83 /* SceneDelegate.swift in Sources */ = {isa = PBXBuildFile; fileRef = A7029A2E285911F300939B83 /* SceneDelegate.swift */; };
		A7029A31285911F300939B83 /* DateViewController.swift in Sources */ = {isa = PBXBuildFile; fileRef = A7029A30285911F300939B83 /* DateViewController.swift */; };
		A7029A34285911F300939B83 /* Main.storyboard in Resources */ = {isa = PBXBuildFile; fileRef = A7029A32285911F300939B83 /* Main.storyboard */; };
		A7029A36285911F500939B83 /* Assets.xcassets in Resources */ = {isa = PBXBuildFile; fileRef = A7029A35285911F500939B83 /* Assets.xcassets */; };
		A7029A39285911F500939B83 /* LaunchScreen.storyboard in Resources */ = {isa = PBXBuildFile; fileRef = A7029A37285911F500939B83 /* LaunchScreen.storyboard */; };
		A7029A44285911F500939B83 /* EPICTests.swift in Sources */ = {isa = PBXBuildFile; fileRef = A7029A43285911F500939B83 /* EPICTests.swift */; };
		A7029A4E285911F500939B83 /* EPICUITests.swift in Sources */ = {isa = PBXBuildFile; fileRef = A7029A4D285911F500939B83 /* EPICUITests.swift */; };
		A7029A50285911F500939B83 /* EPICUITestsLaunchTests.swift in Sources */ = {isa = PBXBuildFile; fileRef = A7029A4F285911F500939B83 /* EPICUITestsLaunchTests.swift */; };
		A7029AB828595E7500939B83 /* PhotosListViewController.swift in Sources */ = {isa = PBXBuildFile; fileRef = A7029AB728595E7500939B83 /* PhotosListViewController.swift */; };
		A7029ABB28595F2300939B83 /* PhotoScreenViewController.swift in Sources */ = {isa = PBXBuildFile; fileRef = A7029ABA28595F2300939B83 /* PhotoScreenViewController.swift */; };
		A7029ABD28595F6500939B83 /* PlayerViewController.swift in Sources */ = {isa = PBXBuildFile; fileRef = A7029ABC28595F6500939B83 /* PlayerViewController.swift */; };
		A7029ABF285960AF00939B83 /* DatePresenter.swift in Sources */ = {isa = PBXBuildFile; fileRef = A7029ABE285960AF00939B83 /* DatePresenter.swift */; };
		A7029AC1285960EB00939B83 /* ObjectView.swift in Sources */ = {isa = PBXBuildFile; fileRef = A7029AC0285960EB00939B83 /* ObjectView.swift */; };
		A7029AC32859615100939B83 /* APIManager.swift in Sources */ = {isa = PBXBuildFile; fileRef = A7029AC22859615100939B83 /* APIManager.swift */; };
		A7029AC52859617E00939B83 /* Object.swift in Sources */ = {isa = PBXBuildFile; fileRef = A7029AC42859617E00939B83 /* Object.swift */; };
		A7029AC9285962F000939B83 /* DateTVCell.swift in Sources */ = {isa = PBXBuildFile; fileRef = A7029AC7285962F000939B83 /* DateTVCell.swift */; };
		A7029ACA285962F000939B83 /* DateTVCell.xib in Resources */ = {isa = PBXBuildFile; fileRef = A7029AC8285962F000939B83 /* DateTVCell.xib */; };
		B94D86237297D6A056397EA5 /* Pods_EPIC_EPICUITests.framework in Frameworks */ = {isa = PBXBuildFile; fileRef = 673B4FCEDF731A6D7C9BE43B /* Pods_EPIC_EPICUITests.framework */; };
		E91D9304349C582AC5FA4D5F /* Pods_EPIC.framework in Frameworks */ = {isa = PBXBuildFile; fileRef = 1C445131CAF798AF99D8947E /* Pods_EPIC.framework */; };
/* End PBXBuildFile section */

/* Begin PBXContainerItemProxy section */
		A7029A40285911F500939B83 /* PBXContainerItemProxy */ = {
			isa = PBXContainerItemProxy;
			containerPortal = A7029A21285911F300939B83 /* Project object */;
			proxyType = 1;
			remoteGlobalIDString = A7029A28285911F300939B83;
			remoteInfo = EPIC;
		};
		A7029A4A285911F500939B83 /* PBXContainerItemProxy */ = {
			isa = PBXContainerItemProxy;
			containerPortal = A7029A21285911F300939B83 /* Project object */;
			proxyType = 1;
			remoteGlobalIDString = A7029A28285911F300939B83;
			remoteInfo = EPIC;
		};
/* End PBXContainerItemProxy section */

/* Begin PBXFileReference section */
		1C445131CAF798AF99D8947E /* Pods_EPIC.framework */ = {isa = PBXFileReference; explicitFileType = wrapper.framework; includeInIndex = 0; path = Pods_EPIC.framework; sourceTree = BUILT_PRODUCTS_DIR; };
		2A5B90EA8D570AA7205FC6FA /* Pods-EPIC.release.xcconfig */ = {isa = PBXFileReference; includeInIndex = 1; lastKnownFileType = text.xcconfig; name = "Pods-EPIC.release.xcconfig"; path = "Target Support Files/Pods-EPIC/Pods-EPIC.release.xcconfig"; sourceTree = "<group>"; };
		4526742C7B6A8E8FC90FDAAA /* Pods-EPICTests.debug.xcconfig */ = {isa = PBXFileReference; includeInIndex = 1; lastKnownFileType = text.xcconfig; name = "Pods-EPICTests.debug.xcconfig"; path = "Target Support Files/Pods-EPICTests/Pods-EPICTests.debug.xcconfig"; sourceTree = "<group>"; };
		673B4FCEDF731A6D7C9BE43B /* Pods_EPIC_EPICUITests.framework */ = {isa = PBXFileReference; explicitFileType = wrapper.framework; includeInIndex = 0; path = Pods_EPIC_EPICUITests.framework; sourceTree = BUILT_PRODUCTS_DIR; };
		9AE9A909437B53978721B3A2 /* Pods-EPIC.debug.xcconfig */ = {isa = PBXFileReference; includeInIndex = 1; lastKnownFileType = text.xcconfig; name = "Pods-EPIC.debug.xcconfig"; path = "Target Support Files/Pods-EPIC/Pods-EPIC.debug.xcconfig"; sourceTree = "<group>"; };
		A41778E5C18B207EAA2B0F70 /* Pods-EPICTests.release.xcconfig */ = {isa = PBXFileReference; includeInIndex = 1; lastKnownFileType = text.xcconfig; name = "Pods-EPICTests.release.xcconfig"; path = "Target Support Files/Pods-EPICTests/Pods-EPICTests.release.xcconfig"; sourceTree = "<group>"; };
		A7029A29285911F300939B83 /* EPIC.app */ = {isa = PBXFileReference; explicitFileType = wrapper.application; includeInIndex = 0; path = EPIC.app; sourceTree = BUILT_PRODUCTS_DIR; };
		A7029A2C285911F300939B83 /* AppDelegate.swift */ = {isa = PBXFileReference; lastKnownFileType = sourcecode.swift; path = AppDelegate.swift; sourceTree = "<group>"; };
		A7029A2E285911F300939B83 /* SceneDelegate.swift */ = {isa = PBXFileReference; lastKnownFileType = sourcecode.swift; path = SceneDelegate.swift; sourceTree = "<group>"; };
		A7029A30285911F300939B83 /* DateViewController.swift */ = {isa = PBXFileReference; lastKnownFileType = sourcecode.swift; path = DateViewController.swift; sourceTree = "<group>"; };
		A7029A33285911F300939B83 /* Base */ = {isa = PBXFileReference; lastKnownFileType = file.storyboard; name = Base; path = Base.lproj/Main.storyboard; sourceTree = "<group>"; };
		A7029A35285911F500939B83 /* Assets.xcassets */ = {isa = PBXFileReference; lastKnownFileType = folder.assetcatalog; path = Assets.xcassets; sourceTree = "<group>"; };
		A7029A38285911F500939B83 /* Base */ = {isa = PBXFileReference; lastKnownFileType = file.storyboard; name = Base; path = Base.lproj/LaunchScreen.storyboard; sourceTree = "<group>"; };
		A7029A3A285911F500939B83 /* Info.plist */ = {isa = PBXFileReference; lastKnownFileType = text.plist.xml; path = Info.plist; sourceTree = "<group>"; };
		A7029A3F285911F500939B83 /* EPICTests.xctest */ = {isa = PBXFileReference; explicitFileType = wrapper.cfbundle; includeInIndex = 0; path = EPICTests.xctest; sourceTree = BUILT_PRODUCTS_DIR; };
		A7029A43285911F500939B83 /* EPICTests.swift */ = {isa = PBXFileReference; lastKnownFileType = sourcecode.swift; path = EPICTests.swift; sourceTree = "<group>"; };
		A7029A49285911F500939B83 /* EPICUITests.xctest */ = {isa = PBXFileReference; explicitFileType = wrapper.cfbundle; includeInIndex = 0; path = EPICUITests.xctest; sourceTree = BUILT_PRODUCTS_DIR; };
		A7029A4D285911F500939B83 /* EPICUITests.swift */ = {isa = PBXFileReference; lastKnownFileType = sourcecode.swift; path = EPICUITests.swift; sourceTree = "<group>"; };
		A7029A4F285911F500939B83 /* EPICUITestsLaunchTests.swift */ = {isa = PBXFileReference; lastKnownFileType = sourcecode.swift; path = EPICUITestsLaunchTests.swift; sourceTree = "<group>"; };
		A7029AB728595E7500939B83 /* PhotosListViewController.swift */ = {isa = PBXFileReference; lastKnownFileType = sourcecode.swift; path = PhotosListViewController.swift; sourceTree = "<group>"; };
		A7029ABA28595F2300939B83 /* PhotoScreenViewController.swift */ = {isa = PBXFileReference; lastKnownFileType = sourcecode.swift; path = PhotoScreenViewController.swift; sourceTree = "<group>"; };
		A7029ABC28595F6500939B83 /* PlayerViewController.swift */ = {isa = PBXFileReference; lastKnownFileType = sourcecode.swift; path = PlayerViewController.swift; sourceTree = "<group>"; };
		A7029ABE285960AF00939B83 /* DatePresenter.swift */ = {isa = PBXFileReference; lastKnownFileType = sourcecode.swift; path = DatePresenter.swift; sourceTree = "<group>"; };
		A7029AC0285960EB00939B83 /* ObjectView.swift */ = {isa = PBXFileReference; lastKnownFileType = sourcecode.swift; path = ObjectView.swift; sourceTree = "<group>"; };
		A7029AC22859615100939B83 /* APIManager.swift */ = {isa = PBXFileReference; lastKnownFileType = sourcecode.swift; path = APIManager.swift; sourceTree = "<group>"; };
		A7029AC42859617E00939B83 /* Object.swift */ = {isa = PBXFileReference; lastKnownFileType = sourcecode.swift; path = Object.swift; sourceTree = "<group>"; };
		A7029AC7285962F000939B83 /* DateTVCell.swift */ = {isa = PBXFileReference; lastKnownFileType = sourcecode.swift; path = DateTVCell.swift; sourceTree = "<group>"; };
		A7029AC8285962F000939B83 /* DateTVCell.xib */ = {isa = PBXFileReference; lastKnownFileType = file.xib; path = DateTVCell.xib; sourceTree = "<group>"; };
		CCD4B0A5EF107C4F39F6DD17 /* Pods-EPIC-EPICUITests.debug.xcconfig */ = {isa = PBXFileReference; includeInIndex = 1; lastKnownFileType = text.xcconfig; name = "Pods-EPIC-EPICUITests.debug.xcconfig"; path = "Target Support Files/Pods-EPIC-EPICUITests/Pods-EPIC-EPICUITests.debug.xcconfig"; sourceTree = "<group>"; };
		D1BD3EFD695F5786C88E2E36 /* Pods_EPICTests.framework */ = {isa = PBXFileReference; explicitFileType = wrapper.framework; includeInIndex = 0; path = Pods_EPICTests.framework; sourceTree = BUILT_PRODUCTS_DIR; };
		EE7D1576BBABD746DBA7EABB /* Pods-EPIC-EPICUITests.release.xcconfig */ = {isa = PBXFileReference; includeInIndex = 1; lastKnownFileType = text.xcconfig; name = "Pods-EPIC-EPICUITests.release.xcconfig"; path = "Target Support Files/Pods-EPIC-EPICUITests/Pods-EPIC-EPICUITests.release.xcconfig"; sourceTree = "<group>"; };
/* End PBXFileReference section */

/* Begin PBXFrameworksBuildPhase section */
		A7029A26285911F300939B83 /* Frameworks */ = {
			isa = PBXFrameworksBuildPhase;
			buildActionMask = 2147483647;
			files = (
				E91D9304349C582AC5FA4D5F /* Pods_EPIC.framework in Frameworks */,
			);
			runOnlyForDeploymentPostprocessing = 0;
		};
		A7029A3C285911F500939B83 /* Frameworks */ = {
			isa = PBXFrameworksBuildPhase;
			buildActionMask = 2147483647;
			files = (
				8D84FC1A1F3D7E31428E8FE6 /* Pods_EPICTests.framework in Frameworks */,
			);
			runOnlyForDeploymentPostprocessing = 0;
		};
		A7029A46285911F500939B83 /* Frameworks */ = {
			isa = PBXFrameworksBuildPhase;
			buildActionMask = 2147483647;
			files = (
				B94D86237297D6A056397EA5 /* Pods_EPIC_EPICUITests.framework in Frameworks */,
			);
			runOnlyForDeploymentPostprocessing = 0;
		};
/* End PBXFrameworksBuildPhase section */

/* Begin PBXGroup section */
		8626539AF337683A83F185C7 /* Pods */ = {
			isa = PBXGroup;
			children = (
				9AE9A909437B53978721B3A2 /* Pods-EPIC.debug.xcconfig */,
				2A5B90EA8D570AA7205FC6FA /* Pods-EPIC.release.xcconfig */,
				CCD4B0A5EF107C4F39F6DD17 /* Pods-EPIC-EPICUITests.debug.xcconfig */,
				EE7D1576BBABD746DBA7EABB /* Pods-EPIC-EPICUITests.release.xcconfig */,
				4526742C7B6A8E8FC90FDAAA /* Pods-EPICTests.debug.xcconfig */,
				A41778E5C18B207EAA2B0F70 /* Pods-EPICTests.release.xcconfig */,
			);
			path = Pods;
			sourceTree = "<group>";
		};
		A7029A20285911F300939B83 = {
			isa = PBXGroup;
			children = (
				A7029A2B285911F300939B83 /* EPIC */,
				A7029A42285911F500939B83 /* EPICTests */,
				A7029A4C285911F500939B83 /* EPICUITests */,
				A7029A2A285911F300939B83 /* Products */,
				8626539AF337683A83F185C7 /* Pods */,
				D050AD1E878FC999884D4F2D /* Frameworks */,
			);
			sourceTree = "<group>";
		};
		A7029A2A285911F300939B83 /* Products */ = {
			isa = PBXGroup;
			children = (
				A7029A29285911F300939B83 /* EPIC.app */,
				A7029A3F285911F500939B83 /* EPICTests.xctest */,
				A7029A49285911F500939B83 /* EPICUITests.xctest */,
			);
			name = Products;
			sourceTree = "<group>";
		};
		A7029A2B285911F300939B83 /* EPIC */ = {
			isa = PBXGroup;
			children = (
				A7029AB628595CA600939B83 /* Main */,
				A7029AB528595CA400939B83 /* Service */,
				A7029AB428595CA000939B83 /* ViewController */,
				A7029AB328595C9E00939B83 /* Presenter */,
				A7029AB228595C9C00939B83 /* View */,
				A7029AB128595C9A00939B83 /* Model */,
				A7029AB028595C8F00939B83 /* Resources */,
				A7029A3A285911F500939B83 /* Info.plist */,
			);
			path = EPIC;
			sourceTree = "<group>";
		};
		A7029A42285911F500939B83 /* EPICTests */ = {
			isa = PBXGroup;
			children = (
				A7029A43285911F500939B83 /* EPICTests.swift */,
			);
			path = EPICTests;
			sourceTree = "<group>";
		};
		A7029A4C285911F500939B83 /* EPICUITests */ = {
			isa = PBXGroup;
			children = (
				A7029A4D285911F500939B83 /* EPICUITests.swift */,
				A7029A4F285911F500939B83 /* EPICUITestsLaunchTests.swift */,
			);
			path = EPICUITests;
			sourceTree = "<group>";
		};
		A7029AB028595C8F00939B83 /* Resources */ = {
			isa = PBXGroup;
			children = (
				A7029A32285911F300939B83 /* Main.storyboard */,
				A7029A35285911F500939B83 /* Assets.xcassets */,
				A7029A37285911F500939B83 /* LaunchScreen.storyboard */,
			);
			path = Resources;
			sourceTree = "<group>";
		};
		A7029AB128595C9A00939B83 /* Model */ = {
			isa = PBXGroup;
			children = (
				A7029AC42859617E00939B83 /* Object.swift */,
			);
			path = Model;
			sourceTree = "<group>";
		};
		A7029AB228595C9C00939B83 /* View */ = {
			isa = PBXGroup;
			children = (
				A7029AC0285960EB00939B83 /* ObjectView.swift */,
				A7029AC6285962D200939B83 /* ViewCell */,
			);
			path = View;
			sourceTree = "<group>";
		};
		A7029AB328595C9E00939B83 /* Presenter */ = {
			isa = PBXGroup;
			children = (
				A7029ABE285960AF00939B83 /* DatePresenter.swift */,
			);
			path = Presenter;
			sourceTree = "<group>";
		};
		A7029AB428595CA000939B83 /* ViewController */ = {
			isa = PBXGroup;
			children = (
				A7029A30285911F300939B83 /* DateViewController.swift */,
				A7029AB728595E7500939B83 /* PhotosListViewController.swift */,
				A7029ABA28595F2300939B83 /* PhotoScreenViewController.swift */,
				A7029ABC28595F6500939B83 /* PlayerViewController.swift */,
			);
			path = ViewController;
			sourceTree = "<group>";
		};
		A7029AB528595CA400939B83 /* Service */ = {
			isa = PBXGroup;
			children = (
				A7029AC22859615100939B83 /* APIManager.swift */,
			);
			path = Service;
			sourceTree = "<group>";
		};
		A7029AB628595CA600939B83 /* Main */ = {
			isa = PBXGroup;
			children = (
				A7029A2C285911F300939B83 /* AppDelegate.swift */,
				A7029A2E285911F300939B83 /* SceneDelegate.swift */,
			);
			path = Main;
			sourceTree = "<group>";
		};
		A7029AC6285962D200939B83 /* ViewCell */ = {
			isa = PBXGroup;
			children = (
				A7029AC7285962F000939B83 /* DateTVCell.swift */,
				A7029AC8285962F000939B83 /* DateTVCell.xib */,
			);
			path = ViewCell;
			sourceTree = "<group>";
		};
		D050AD1E878FC999884D4F2D /* Frameworks */ = {
			isa = PBXGroup;
			children = (
				1C445131CAF798AF99D8947E /* Pods_EPIC.framework */,
				673B4FCEDF731A6D7C9BE43B /* Pods_EPIC_EPICUITests.framework */,
				D1BD3EFD695F5786C88E2E36 /* Pods_EPICTests.framework */,
			);
			name = Frameworks;
			sourceTree = "<group>";
		};
/* End PBXGroup section */

/* Begin PBXNativeTarget section */
		A7029A28285911F300939B83 /* EPIC */ = {
			isa = PBXNativeTarget;
			buildConfigurationList = A7029A53285911F500939B83 /* Build configuration list for PBXNativeTarget "EPIC" */;
			buildPhases = (
				F9FAF3088E9763089085D7AA /* [CP] Check Pods Manifest.lock */,
				A7029A25285911F300939B83 /* Sources */,
				A7029A26285911F300939B83 /* Frameworks */,
				A7029A27285911F300939B83 /* Resources */,
			);
			buildRules = (
			);
			dependencies = (
			);
			name = EPIC;
			productName = EPIC;
			productReference = A7029A29285911F300939B83 /* EPIC.app */;
			productType = "com.apple.product-type.application";
		};
		A7029A3E285911F500939B83 /* EPICTests */ = {
			isa = PBXNativeTarget;
			buildConfigurationList = A7029A56285911F500939B83 /* Build configuration list for PBXNativeTarget "EPICTests" */;
			buildPhases = (
				1FC0557BE984E2247B0D6155 /* [CP] Check Pods Manifest.lock */,
				A7029A3B285911F500939B83 /* Sources */,
				A7029A3C285911F500939B83 /* Frameworks */,
				A7029A3D285911F500939B83 /* Resources */,
			);
			buildRules = (
			);
			dependencies = (
				A7029A41285911F500939B83 /* PBXTargetDependency */,
			);
			name = EPICTests;
			productName = EPICTests;
			productReference = A7029A3F285911F500939B83 /* EPICTests.xctest */;
			productType = "com.apple.product-type.bundle.unit-test";
		};
		A7029A48285911F500939B83 /* EPICUITests */ = {
			isa = PBXNativeTarget;
			buildConfigurationList = A7029A59285911F500939B83 /* Build configuration list for PBXNativeTarget "EPICUITests" */;
			buildPhases = (
				B3597567914787DEA66B1211 /* [CP] Check Pods Manifest.lock */,
				A7029A45285911F500939B83 /* Sources */,
				A7029A46285911F500939B83 /* Frameworks */,
				A7029A47285911F500939B83 /* Resources */,
			);
			buildRules = (
			);
			dependencies = (
				A7029A4B285911F500939B83 /* PBXTargetDependency */,
			);
			name = EPICUITests;
			productName = EPICUITests;
			productReference = A7029A49285911F500939B83 /* EPICUITests.xctest */;
			productType = "com.apple.product-type.bundle.ui-testing";
		};
/* End PBXNativeTarget section */

/* Begin PBXProject section */
		A7029A21285911F300939B83 /* Project object */ = {
			isa = PBXProject;
			attributes = {
				BuildIndependentTargetsInParallel = 1;
				LastSwiftUpdateCheck = 1340;
				LastUpgradeCheck = 1340;
				TargetAttributes = {
					A7029A28285911F300939B83 = {
						CreatedOnToolsVersion = 13.4.1;
					};
					A7029A3E285911F500939B83 = {
						CreatedOnToolsVersion = 13.4.1;
						TestTargetID = A7029A28285911F300939B83;
					};
					A7029A48285911F500939B83 = {
						CreatedOnToolsVersion = 13.4.1;
						TestTargetID = A7029A28285911F300939B83;
					};
				};
			};
			buildConfigurationList = A7029A24285911F300939B83 /* Build configuration list for PBXProject "EPIC" */;
			compatibilityVersion = "Xcode 13.0";
			developmentRegion = en;
			hasScannedForEncodings = 0;
			knownRegions = (
				en,
				Base,
			);
			mainGroup = A7029A20285911F300939B83;
			productRefGroup = A7029A2A285911F300939B83 /* Products */;
			projectDirPath = "";
			projectRoot = "";
			targets = (
				A7029A28285911F300939B83 /* EPIC */,
				A7029A3E285911F500939B83 /* EPICTests */,
				A7029A48285911F500939B83 /* EPICUITests */,
			);
		};
/* End PBXProject section */

/* Begin PBXResourcesBuildPhase section */
		A7029A27285911F300939B83 /* Resources */ = {
			isa = PBXResourcesBuildPhase;
			buildActionMask = 2147483647;
			files = (
				A7029A39285911F500939B83 /* LaunchScreen.storyboard in Resources */,
				A7029A36285911F500939B83 /* Assets.xcassets in Resources */,
				A7029A34285911F300939B83 /* Main.storyboard in Resources */,
				A7029ACA285962F000939B83 /* DateTVCell.xib in Resources */,
			);
			runOnlyForDeploymentPostprocessing = 0;
		};
		A7029A3D285911F500939B83 /* Resources */ = {
			isa = PBXResourcesBuildPhase;
			buildActionMask = 2147483647;
			files = (
			);
			runOnlyForDeploymentPostprocessing = 0;
		};
		A7029A47285911F500939B83 /* Resources */ = {
			isa = PBXResourcesBuildPhase;
			buildActionMask = 2147483647;
			files = (
			);
			runOnlyForDeploymentPostprocessing = 0;
		};
/* End PBXResourcesBuildPhase section */

/* Begin PBXShellScriptBuildPhase section */
		1FC0557BE984E2247B0D6155 /* [CP] Check Pods Manifest.lock */ = {
			isa = PBXShellScriptBuildPhase;
			buildActionMask = 2147483647;
			files = (
			);
			inputFileListPaths = (
			);
			inputPaths = (
				"${PODS_PODFILE_DIR_PATH}/Podfile.lock",
				"${PODS_ROOT}/Manifest.lock",
			);
			name = "[CP] Check Pods Manifest.lock";
			outputFileListPaths = (
			);
			outputPaths = (
				"$(DERIVED_FILE_DIR)/Pods-EPICTests-checkManifestLockResult.txt",
			);
			runOnlyForDeploymentPostprocessing = 0;
			shellPath = /bin/sh;
			shellScript = "diff \"${PODS_PODFILE_DIR_PATH}/Podfile.lock\" \"${PODS_ROOT}/Manifest.lock\" > /dev/null\nif [ $? != 0 ] ; then\n    # print error to STDERR\n    echo \"error: The sandbox is not in sync with the Podfile.lock. Run 'pod install' or update your CocoaPods installation.\" >&2\n    exit 1\nfi\n# This output is used by Xcode 'outputs' to avoid re-running this script phase.\necho \"SUCCESS\" > \"${SCRIPT_OUTPUT_FILE_0}\"\n";
			showEnvVarsInLog = 0;
		};
		B3597567914787DEA66B1211 /* [CP] Check Pods Manifest.lock */ = {
			isa = PBXShellScriptBuildPhase;
			buildActionMask = 2147483647;
			files = (
			);
			inputFileListPaths = (
			);
			inputPaths = (
				"${PODS_PODFILE_DIR_PATH}/Podfile.lock",
				"${PODS_ROOT}/Manifest.lock",
			);
			name = "[CP] Check Pods Manifest.lock";
			outputFileListPaths = (
			);
			outputPaths = (
				"$(DERIVED_FILE_DIR)/Pods-EPIC-EPICUITests-checkManifestLockResult.txt",
			);
			runOnlyForDeploymentPostprocessing = 0;
			shellPath = /bin/sh;
			shellScript = "diff \"${PODS_PODFILE_DIR_PATH}/Podfile.lock\" \"${PODS_ROOT}/Manifest.lock\" > /dev/null\nif [ $? != 0 ] ; then\n    # print error to STDERR\n    echo \"error: The sandbox is not in sync with the Podfile.lock. Run 'pod install' or update your CocoaPods installation.\" >&2\n    exit 1\nfi\n# This output is used by Xcode 'outputs' to avoid re-running this script phase.\necho \"SUCCESS\" > \"${SCRIPT_OUTPUT_FILE_0}\"\n";
			showEnvVarsInLog = 0;
		};
		F9FAF3088E9763089085D7AA /* [CP] Check Pods Manifest.lock */ = {
			isa = PBXShellScriptBuildPhase;
			buildActionMask = 2147483647;
			files = (
			);
			inputFileListPaths = (
			);
			inputPaths = (
				"${PODS_PODFILE_DIR_PATH}/Podfile.lock",
				"${PODS_ROOT}/Manifest.lock",
			);
			name = "[CP] Check Pods Manifest.lock";
			outputFileListPaths = (
			);
			outputPaths = (
				"$(DERIVED_FILE_DIR)/Pods-EPIC-checkManifestLockResult.txt",
			);
			runOnlyForDeploymentPostprocessing = 0;
			shellPath = /bin/sh;
			shellScript = "diff \"${PODS_PODFILE_DIR_PATH}/Podfile.lock\" \"${PODS_ROOT}/Manifest.lock\" > /dev/null\nif [ $? != 0 ] ; then\n    # print error to STDERR\n    echo \"error: The sandbox is not in sync with the Podfile.lock. Run 'pod install' or update your CocoaPods installation.\" >&2\n    exit 1\nfi\n# This output is used by Xcode 'outputs' to avoid re-running this script phase.\necho \"SUCCESS\" > \"${SCRIPT_OUTPUT_FILE_0}\"\n";
			showEnvVarsInLog = 0;
		};
/* End PBXShellScriptBuildPhase section */

/* Begin PBXSourcesBuildPhase section */
		A7029A25285911F300939B83 /* Sources */ = {
			isa = PBXSourcesBuildPhase;
			buildActionMask = 2147483647;
			files = (
				A7029AC52859617E00939B83 /* Object.swift in Sources */,
				A7029A31285911F300939B83 /* DateViewController.swift in Sources */,
				A7029A2D285911F300939B83 /* AppDelegate.swift in Sources */,
				A7029AC1285960EB00939B83 /* ObjectView.swift in Sources */,
				A7029AC32859615100939B83 /* APIManager.swift in Sources */,
				A7029ABF285960AF00939B83 /* DatePresenter.swift in Sources */,
				A7029AB828595E7500939B83 /* PhotosListViewController.swift in Sources */,
				A7029A2F285911F300939B83 /* SceneDelegate.swift in Sources */,
				A7029ABB28595F2300939B83 /* PhotoScreenViewController.swift in Sources */,
				A7029ABD28595F6500939B83 /* PlayerViewController.swift in Sources */,
				A7029AC9285962F000939B83 /* DateTVCell.swift in Sources */,
			);
			runOnlyForDeploymentPostprocessing = 0;
		};
		A7029A3B285911F500939B83 /* Sources */ = {
			isa = PBXSourcesBuildPhase;
			buildActionMask = 2147483647;
			files = (
				A7029A44285911F500939B83 /* EPICTests.swift in Sources */,
			);
			runOnlyForDeploymentPostprocessing = 0;
		};
		A7029A45285911F500939B83 /* Sources */ = {
			isa = PBXSourcesBuildPhase;
			buildActionMask = 2147483647;
			files = (
				A7029A4E285911F500939B83 /* EPICUITests.swift in Sources */,
				A7029A50285911F500939B83 /* EPICUITestsLaunchTests.swift in Sources */,
			);
			runOnlyForDeploymentPostprocessing = 0;
		};
/* End PBXSourcesBuildPhase section */

/* Begin PBXTargetDependency section */
		A7029A41285911F500939B83 /* PBXTargetDependency */ = {
			isa = PBXTargetDependency;
			target = A7029A28285911F300939B83 /* EPIC */;
			targetProxy = A7029A40285911F500939B83 /* PBXContainerItemProxy */;
		};
		A7029A4B285911F500939B83 /* PBXTargetDependency */ = {
			isa = PBXTargetDependency;
			target = A7029A28285911F300939B83 /* EPIC */;
			targetProxy = A7029A4A285911F500939B83 /* PBXContainerItemProxy */;
		};
/* End PBXTargetDependency section */

/* Begin PBXVariantGroup section */
		A7029A32285911F300939B83 /* Main.storyboard */ = {
			isa = PBXVariantGroup;
			children = (
				A7029A33285911F300939B83 /* Base */,
			);
			name = Main.storyboard;
			sourceTree = "<group>";
		};
		A7029A37285911F500939B83 /* LaunchScreen.storyboard */ = {
			isa = PBXVariantGroup;
			children = (
				A7029A38285911F500939B83 /* Base */,
			);
			name = LaunchScreen.storyboard;
			sourceTree = "<group>";
		};
/* End PBXVariantGroup section */

/* Begin XCBuildConfiguration section */
		A7029A51285911F500939B83 /* Debug */ = {
			isa = XCBuildConfiguration;
			buildSettings = {
				ALWAYS_SEARCH_USER_PATHS = NO;
				CLANG_ANALYZER_NONNULL = YES;
				CLANG_ANALYZER_NUMBER_OBJECT_CONVERSION = YES_AGGRESSIVE;
				CLANG_CXX_LANGUAGE_STANDARD = "gnu++17";
				CLANG_ENABLE_MODULES = YES;
				CLANG_ENABLE_OBJC_ARC = YES;
				CLANG_ENABLE_OBJC_WEAK = YES;
				CLANG_WARN_BLOCK_CAPTURE_AUTORELEASING = YES;
				CLANG_WARN_BOOL_CONVERSION = YES;
				CLANG_WARN_COMMA = YES;
				CLANG_WARN_CONSTANT_CONVERSION = YES;
				CLANG_WARN_DEPRECATED_OBJC_IMPLEMENTATIONS = YES;
				CLANG_WARN_DIRECT_OBJC_ISA_USAGE = YES_ERROR;
				CLANG_WARN_DOCUMENTATION_COMMENTS = YES;
				CLANG_WARN_EMPTY_BODY = YES;
				CLANG_WARN_ENUM_CONVERSION = YES;
				CLANG_WARN_INFINITE_RECURSION = YES;
				CLANG_WARN_INT_CONVERSION = YES;
				CLANG_WARN_NON_LITERAL_NULL_CONVERSION = YES;
				CLANG_WARN_OBJC_IMPLICIT_RETAIN_SELF = YES;
				CLANG_WARN_OBJC_LITERAL_CONVERSION = YES;
				CLANG_WARN_OBJC_ROOT_CLASS = YES_ERROR;
				CLANG_WARN_QUOTED_INCLUDE_IN_FRAMEWORK_HEADER = YES;
				CLANG_WARN_RANGE_LOOP_ANALYSIS = YES;
				CLANG_WARN_STRICT_PROTOTYPES = YES;
				CLANG_WARN_SUSPICIOUS_MOVE = YES;
				CLANG_WARN_UNGUARDED_AVAILABILITY = YES_AGGRESSIVE;
				CLANG_WARN_UNREACHABLE_CODE = YES;
				CLANG_WARN__DUPLICATE_METHOD_MATCH = YES;
				COPY_PHASE_STRIP = NO;
				DEBUG_INFORMATION_FORMAT = dwarf;
				ENABLE_STRICT_OBJC_MSGSEND = YES;
				ENABLE_TESTABILITY = YES;
				GCC_C_LANGUAGE_STANDARD = gnu11;
				GCC_DYNAMIC_NO_PIC = NO;
				GCC_NO_COMMON_BLOCKS = YES;
				GCC_OPTIMIZATION_LEVEL = 0;
				GCC_PREPROCESSOR_DEFINITIONS = (
					"DEBUG=1",
					"$(inherited)",
				);
				GCC_WARN_64_TO_32_BIT_CONVERSION = YES;
				GCC_WARN_ABOUT_RETURN_TYPE = YES_ERROR;
				GCC_WARN_UNDECLARED_SELECTOR = YES;
				GCC_WARN_UNINITIALIZED_AUTOS = YES_AGGRESSIVE;
				GCC_WARN_UNUSED_FUNCTION = YES;
				GCC_WARN_UNUSED_VARIABLE = YES;
				IPHONEOS_DEPLOYMENT_TARGET = 15.5;
				MTL_ENABLE_DEBUG_INFO = INCLUDE_SOURCE;
				MTL_FAST_MATH = YES;
				ONLY_ACTIVE_ARCH = YES;
				SDKROOT = iphoneos;
				SWIFT_ACTIVE_COMPILATION_CONDITIONS = DEBUG;
				SWIFT_OPTIMIZATION_LEVEL = "-Onone";
			};
			name = Debug;
		};
		A7029A52285911F500939B83 /* Release */ = {
			isa = XCBuildConfiguration;
			buildSettings = {
				ALWAYS_SEARCH_USER_PATHS = NO;
				CLANG_ANALYZER_NONNULL = YES;
				CLANG_ANALYZER_NUMBER_OBJECT_CONVERSION = YES_AGGRESSIVE;
				CLANG_CXX_LANGUAGE_STANDARD = "gnu++17";
				CLANG_ENABLE_MODULES = YES;
				CLANG_ENABLE_OBJC_ARC = YES;
				CLANG_ENABLE_OBJC_WEAK = YES;
				CLANG_WARN_BLOCK_CAPTURE_AUTORELEASING = YES;
				CLANG_WARN_BOOL_CONVERSION = YES;
				CLANG_WARN_COMMA = YES;
				CLANG_WARN_CONSTANT_CONVERSION = YES;
				CLANG_WARN_DEPRECATED_OBJC_IMPLEMENTATIONS = YES;
				CLANG_WARN_DIRECT_OBJC_ISA_USAGE = YES_ERROR;
				CLANG_WARN_DOCUMENTATION_COMMENTS = YES;
				CLANG_WARN_EMPTY_BODY = YES;
				CLANG_WARN_ENUM_CONVERSION = YES;
				CLANG_WARN_INFINITE_RECURSION = YES;
				CLANG_WARN_INT_CONVERSION = YES;
				CLANG_WARN_NON_LITERAL_NULL_CONVERSION = YES;
				CLANG_WARN_OBJC_IMPLICIT_RETAIN_SELF = YES;
				CLANG_WARN_OBJC_LITERAL_CONVERSION = YES;
				CLANG_WARN_OBJC_ROOT_CLASS = YES_ERROR;
				CLANG_WARN_QUOTED_INCLUDE_IN_FRAMEWORK_HEADER = YES;
				CLANG_WARN_RANGE_LOOP_ANALYSIS = YES;
				CLANG_WARN_STRICT_PROTOTYPES = YES;
				CLANG_WARN_SUSPICIOUS_MOVE = YES;
				CLANG_WARN_UNGUARDED_AVAILABILITY = YES_AGGRESSIVE;
				CLANG_WARN_UNREACHABLE_CODE = YES;
				CLANG_WARN__DUPLICATE_METHOD_MATCH = YES;
				COPY_PHASE_STRIP = NO;
				DEBUG_INFORMATION_FORMAT = "dwarf-with-dsym";
				ENABLE_NS_ASSERTIONS = NO;
				ENABLE_STRICT_OBJC_MSGSEND = YES;
				GCC_C_LANGUAGE_STANDARD = gnu11;
				GCC_NO_COMMON_BLOCKS = YES;
				GCC_WARN_64_TO_32_BIT_CONVERSION = YES;
				GCC_WARN_ABOUT_RETURN_TYPE = YES_ERROR;
				GCC_WARN_UNDECLARED_SELECTOR = YES;
				GCC_WARN_UNINITIALIZED_AUTOS = YES_AGGRESSIVE;
				GCC_WARN_UNUSED_FUNCTION = YES;
				GCC_WARN_UNUSED_VARIABLE = YES;
				IPHONEOS_DEPLOYMENT_TARGET = 15.5;
				MTL_ENABLE_DEBUG_INFO = NO;
				MTL_FAST_MATH = YES;
				SDKROOT = iphoneos;
				SWIFT_COMPILATION_MODE = wholemodule;
				SWIFT_OPTIMIZATION_LEVEL = "-O";
				VALIDATE_PRODUCT = YES;
			};
			name = Release;
		};
		A7029A54285911F500939B83 /* Debug */ = {
			isa = XCBuildConfiguration;
			baseConfigurationReference = 9AE9A909437B53978721B3A2 /* Pods-EPIC.debug.xcconfig */;
			buildSettings = {
				ASSETCATALOG_COMPILER_APPICON_NAME = AppIcon;
				ASSETCATALOG_COMPILER_GLOBAL_ACCENT_COLOR_NAME = AccentColor;
				CODE_SIGN_STYLE = Automatic;
				CURRENT_PROJECT_VERSION = 1;
				DEVELOPMENT_TEAM = AL3WL84F45;
				GENERATE_INFOPLIST_FILE = YES;
				INFOPLIST_FILE = EPIC/Info.plist;
				INFOPLIST_KEY_CFBundleDisplayName = EPIC;
				INFOPLIST_KEY_UIApplicationSupportsIndirectInputEvents = YES;
				INFOPLIST_KEY_UILaunchStoryboardName = LaunchScreen;
				INFOPLIST_KEY_UIMainStoryboardFile = Main;
				INFOPLIST_KEY_UISupportedInterfaceOrientations_iPad = "UIInterfaceOrientationPortrait UIInterfaceOrientationPortraitUpsideDown UIInterfaceOrientationLandscapeLeft UIInterfaceOrientationLandscapeRight";
				INFOPLIST_KEY_UISupportedInterfaceOrientations_iPhone = "UIInterfaceOrientationPortrait UIInterfaceOrientationLandscapeLeft UIInterfaceOrientationLandscapeRight";
				LD_RUNPATH_SEARCH_PATHS = (
					"$(inherited)",
					"@executable_path/Frameworks",
				);
				MARKETING_VERSION = 1.0;
				PRODUCT_BUNDLE_IDENTIFIER = com.franciscolopez.EPIC;
				PRODUCT_NAME = "$(TARGET_NAME)";
				SWIFT_EMIT_LOC_STRINGS = YES;
				SWIFT_VERSION = 5.0;
				TARGETED_DEVICE_FAMILY = "1,2";
			};
			name = Debug;
		};
		A7029A55285911F500939B83 /* Release */ = {
			isa = XCBuildConfiguration;
			baseConfigurationReference = 2A5B90EA8D570AA7205FC6FA /* Pods-EPIC.release.xcconfig */;
			buildSettings = {
				ASSETCATALOG_COMPILER_APPICON_NAME = AppIcon;
				ASSETCATALOG_COMPILER_GLOBAL_ACCENT_COLOR_NAME = AccentColor;
				CODE_SIGN_STYLE = Automatic;
				CURRENT_PROJECT_VERSION = 1;
				DEVELOPMENT_TEAM = AL3WL84F45;
				GENERATE_INFOPLIST_FILE = YES;
				INFOPLIST_FILE = EPIC/Info.plist;
				INFOPLIST_KEY_CFBundleDisplayName = EPIC;
				INFOPLIST_KEY_UIApplicationSupportsIndirectInputEvents = YES;
				INFOPLIST_KEY_UILaunchStoryboardName = LaunchScreen;
				INFOPLIST_KEY_UIMainStoryboardFile = Main;
				INFOPLIST_KEY_UISupportedInterfaceOrientations_iPad = "UIInterfaceOrientationPortrait UIInterfaceOrientationPortraitUpsideDown UIInterfaceOrientationLandscapeLeft UIInterfaceOrientationLandscapeRight";
				INFOPLIST_KEY_UISupportedInterfaceOrientations_iPhone = "UIInterfaceOrientationPortrait UIInterfaceOrientationLandscapeLeft UIInterfaceOrientationLandscapeRight";
				LD_RUNPATH_SEARCH_PATHS = (
					"$(inherited)",
					"@executable_path/Frameworks",
				);
				MARKETING_VERSION = 1.0;
				PRODUCT_BUNDLE_IDENTIFIER = com.franciscolopez.EPIC;
				PRODUCT_NAME = "$(TARGET_NAME)";
				SWIFT_EMIT_LOC_STRINGS = YES;
				SWIFT_VERSION = 5.0;
				TARGETED_DEVICE_FAMILY = "1,2";
			};
			name = Release;
		};
		A7029A57285911F500939B83 /* Debug */ = {
			isa = XCBuildConfiguration;
			baseConfigurationReference = 4526742C7B6A8E8FC90FDAAA /* Pods-EPICTests.debug.xcconfig */;
			buildSettings = {
				ALWAYS_EMBED_SWIFT_STANDARD_LIBRARIES = YES;
				BUNDLE_LOADER = "$(TEST_HOST)";
				CODE_SIGN_STYLE = Automatic;
				CURRENT_PROJECT_VERSION = 1;
				DEVELOPMENT_TEAM = AL3WL84F45;
				GENERATE_INFOPLIST_FILE = YES;
				IPHONEOS_DEPLOYMENT_TARGET = 15.5;
				MARKETING_VERSION = 1.0;
				PRODUCT_BUNDLE_IDENTIFIER = com.franciscolopez.EPICTests;
				PRODUCT_NAME = "$(TARGET_NAME)";
				SWIFT_EMIT_LOC_STRINGS = NO;
				SWIFT_VERSION = 5.0;
				TARGETED_DEVICE_FAMILY = "1,2";
				TEST_HOST = "$(BUILT_PRODUCTS_DIR)/EPIC.app/EPIC";
			};
			name = Debug;
		};
		A7029A58285911F500939B83 /* Release */ = {
			isa = XCBuildConfiguration;
			baseConfigurationReference = A41778E5C18B207EAA2B0F70 /* Pods-EPICTests.release.xcconfig */;
			buildSettings = {
				ALWAYS_EMBED_SWIFT_STANDARD_LIBRARIES = YES;
				BUNDLE_LOADER = "$(TEST_HOST)";
				CODE_SIGN_STYLE = Automatic;
				CURRENT_PROJECT_VERSION = 1;
				DEVELOPMENT_TEAM = AL3WL84F45;
				GENERATE_INFOPLIST_FILE = YES;
				IPHONEOS_DEPLOYMENT_TARGET = 15.5;
				MARKETING_VERSION = 1.0;
				PRODUCT_BUNDLE_IDENTIFIER = com.franciscolopez.EPICTests;
				PRODUCT_NAME = "$(TARGET_NAME)";
				SWIFT_EMIT_LOC_STRINGS = NO;
				SWIFT_VERSION = 5.0;
				TARGETED_DEVICE_FAMILY = "1,2";
				TEST_HOST = "$(BUILT_PRODUCTS_DIR)/EPIC.app/EPIC";
			};
			name = Release;
		};
		A7029A5A285911F500939B83 /* Debug */ = {
			isa = XCBuildConfiguration;
			baseConfigurationReference = CCD4B0A5EF107C4F39F6DD17 /* Pods-EPIC-EPICUITests.debug.xcconfig */;
			buildSettings = {
				ALWAYS_EMBED_SWIFT_STANDARD_LIBRARIES = YES;
				CODE_SIGN_STYLE = Automatic;
				CURRENT_PROJECT_VERSION = 1;
				DEVELOPMENT_TEAM = AL3WL84F45;
				GENERATE_INFOPLIST_FILE = YES;
				MARKETING_VERSION = 1.0;
				PRODUCT_BUNDLE_IDENTIFIER = com.franciscolopez.EPICUITests;
				PRODUCT_NAME = "$(TARGET_NAME)";
				SWIFT_EMIT_LOC_STRINGS = NO;
				SWIFT_VERSION = 5.0;
				TARGETED_DEVICE_FAMILY = "1,2";
				TEST_TARGET_NAME = EPIC;
			};
			name = Debug;
		};
		A7029A5B285911F500939B83 /* Release */ = {
			isa = XCBuildConfiguration;
			baseConfigurationReference = EE7D1576BBABD746DBA7EABB /* Pods-EPIC-EPICUITests.release.xcconfig */;
			buildSettings = {
				ALWAYS_EMBED_SWIFT_STANDARD_LIBRARIES = YES;
				CODE_SIGN_STYLE = Automatic;
				CURRENT_PROJECT_VERSION = 1;
				DEVELOPMENT_TEAM = AL3WL84F45;
				GENERATE_INFOPLIST_FILE = YES;
				MARKETING_VERSION = 1.0;
				PRODUCT_BUNDLE_IDENTIFIER = com.franciscolopez.EPICUITests;
				PRODUCT_NAME = "$(TARGET_NAME)";
				SWIFT_EMIT_LOC_STRINGS = NO;
				SWIFT_VERSION = 5.0;
				TARGETED_DEVICE_FAMILY = "1,2";
				TEST_TARGET_NAME = EPIC;
			};
			name = Release;
		};
/* End XCBuildConfiguration section */

/* Begin XCConfigurationList section */
		A7029A24285911F300939B83 /* Build configuration list for PBXProject "EPIC" */ = {
			isa = XCConfigurationList;
			buildConfigurations = (
				A7029A51285911F500939B83 /* Debug */,
				A7029A52285911F500939B83 /* Release */,
			);
			defaultConfigurationIsVisible = 0;
			defaultConfigurationName = Release;
		};
		A7029A53285911F500939B83 /* Build configuration list for PBXNativeTarget "EPIC" */ = {
			isa = XCConfigurationList;
			buildConfigurations = (
				A7029A54285911F500939B83 /* Debug */,
				A7029A55285911F500939B83 /* Release */,
			);
			defaultConfigurationIsVisible = 0;
			defaultConfigurationName = Release;
		};
		A7029A56285911F500939B83 /* Build configuration list for PBXNativeTarget "EPICTests" */ = {
			isa = XCConfigurationList;
			buildConfigurations = (
				A7029A57285911F500939B83 /* Debug */,
				A7029A58285911F500939B83 /* Release */,
			);
			defaultConfigurationIsVisible = 0;
			defaultConfigurationName = Release;
		};
		A7029A59285911F500939B83 /* Build configuration list for PBXNativeTarget "EPICUITests" */ = {
			isa = XCConfigurationList;
			buildConfigurations = (
				A7029A5A285911F500939B83 /* Debug */,
				A7029A5B285911F500939B83 /* Release */,
			);
			defaultConfigurationIsVisible = 0;
			defaultConfigurationName = Release;
		};
/* End XCConfigurationList section */
	};
	rootObject = A7029A21285911F300939B83 /* Project object */;
}
